
Microsoft Visual Studio Solution File, Format Version 12.00
# Visual Studio 2013
VisualStudioVersion = 12.0.21005.1
MinimumVisualStudioVersion = 10.0.40219.1
Project("{FAE04EC0-301F-11D3-BF4B-00C04F79EFBC}") = "AutoLolNexus", "AutoLolKing\AutoLolNexus.csproj", "{5DBE70A7-2D39-48D0-A1CB-373F5297C46A}"
EndProject
Project("{FAE04EC0-301F-11D3-BF4B-00C04F79EFBC}") = "UpdaterLib", "UpdaterLib\UpdaterLib.csproj", "{AEFB06E1-848B-4E29-B889-65FA1AE8257D}"
EndProject
Project("{FAE04EC0-301F-11D3-BF4B-00C04F79EFBC}") = "updater", "updater\updater.csproj", "{0350C99B-F8C0-4845-8591-558ECE617C44}"
EndProject
Global
	GlobalSection(SolutionConfigurationPlatforms) = preSolution
		Debug|Any CPU = Debug|Any CPU
		Release|Any CPU = Release|Any CPU
	EndGlobalSection
	GlobalSection(ProjectConfigurationPlatforms) = postSolution
		{5DBE70A7-2D39-48D0-A1CB-373F5297C46A}.Debug|Any CPU.ActiveCfg = Debug|Any CPU
		{5DBE70A7-2D39-48D0-A1CB-373F5297C46A}.Debug|Any CPU.Build.0 = Debug|Any CPU
		{5DBE70A7-2D39-48D0-A1CB-373F5297C46A}.Release|Any CPU.ActiveCfg = Release|Any CPU
		{5DBE70A7-2D39-48D0-A1CB-373F5297C46A}.Release|Any CPU.Build.0 = Release|Any CPU
		{AEFB06E1-848B-4E29-B889-65FA1AE8257D}.Debug|Any CPU.ActiveCfg = Debug|Any CPU
		{AEFB06E1-848B-4E29-B889-65FA1AE8257D}.Debug|Any CPU.Build.0 = Debug|Any CPU
		{AEFB06E1-848B-4E29-B889-65FA1AE8257D}.Release|Any CPU.ActiveCfg = Release|Any CPU
		{AEFB06E1-848B-4E29-B889-65FA1AE8257D}.Release|Any CPU.Build.0 = Release|Any CPU
		{0350C99B-F8C0-4845-8591-558ECE617C44}.Debug|Any CPU.ActiveCfg = Debug|Any CPU
		{0350C99B-F8C0-4845-8591-558ECE617C44}.Debug|Any CPU.Build.0 = Debug|Any CPU
		{0350C99B-F8C0-4845-8591-558ECE617C44}.Release|Any CPU.ActiveCfg = Release|Any CPU
		{0350C99B-F8C0-4845-8591-558ECE617C44}.Release|Any CPU.Build.0 = Release|Any CPU
	EndGlobalSection
	GlobalSection(SolutionProperties) = preSolution
		HideSolutionNode = FALSE
	EndGlobalSection
EndGlobal
